
Microsoft Visual Studio Solution File, Format Version 12.00
# Visual Studio Version 16
VisualStudioVersion = 16.0.31112.23
MinimumVisualStudioVersion = 10.0.40219.1
Project("{FAE04EC0-301F-11D3-BF4B-00C04F79EFBC}") = "11", "11\11.csproj", "{405B0F36-7E2B-407A-81F2-19F924C1F498}"
EndProject
Global
	GlobalSection(SolutionConfigurationPlatforms) = preSolution
		Debug|Any CPU = Debug|Any CPU
		Release|Any CPU = Release|Any CPU
	EndGlobalSection
	GlobalSection(ProjectConfigurationPlatforms) = postSolution
		{405B0F36-7E2B-407A-81F2-19F924C1F498}.Debug|Any CPU.ActiveCfg = Debug|Any CPU
		{405B0F36-7E2B-407A-81F2-19F924C1F498}.Debug|Any CPU.Build.0 = Debug|Any CPU
		{405B0F36-7E2B-407A-81F2-19F924C1F498}.Release|Any CPU.ActiveCfg = Release|Any CPU
		{405B0F36-7E2B-407A-81F2-19F924C1F498}.Release|Any CPU.Build.0 = Release|Any CPU
	EndGlobalSection
	GlobalSection(SolutionProperties) = preSolution
		HideSolutionNode = FALSE
	EndGlobalSection
	GlobalSection(ExtensibilityGlobals) = postSolution
		SolutionGuid = {2134F0F4-DCEC-4017-B12E-847A792EB21E}
	EndGlobalSection
EndGlobal
